dependencies:
  espressif/esp-modbus:
    component_hash: a03225cc0775fb4f495ff1ca56a91d0b4d4f7ba9961838dee6b04476e71a5347
    source:
      service_url: https://api.components.espressif.com/
      type: service
    version: 1.0.11
  idf:
    component_hash: null
    source:
      type: idf
    version: 5.1.0
manifest_hash: 892f18473ff8ab89202826a1817c38be9d9ac20da09a1ddc56345227146da45e
target: esp32
version: 1.0.0
